<?xml version="1.0" encoding="utf-8"?>
<Project ToolsVersion="4.0" xmlns="http://schemas.microsoft.com/developer/msbuild/2003">
  <ItemGroup>
    <Filter Include="2562">
      <UniqueIdentifier>{1478c026-6e14-4a2c-b41c-fb311d4c7330}</UniqueIdentifier>
    </Filter>
    <Filter Include="10818">
      <UniqueIdentifier>{851243f6-57ee-4918-a46c-56bbc1f03eff}</UniqueIdentifier>
    </Filter>
    <Filter Include="2577">
      <UniqueIdentifier>{de0b4d1b-d7bb-42c4-ae30-934e106d2710}</UniqueIdentifier>
    </Filter>
    <Filter Include="3052">
      <UniqueIdentifier>{7e4990bb-898b-483b-9da0-92380a24bd05}</UniqueIdentifier>
    </Filter>
    <Filter Include="1546">
      <UniqueIdentifier>{b66e2b01-17cf-4194-8485-2feab2920e63}</UniqueIdentifier>
    </Filter>
    <Filter Include="8958">
      <UniqueIdentifier>{d0423fb7-2690-494e-8a61-a63ecc52767b}</UniqueIdentifier>
    </Filter>
    <Filter Include="4344">
      <UniqueIdentifier>{741c6a8a-b4ab-492e-90e3-9d3b09e3eeec}</UniqueIdentifier>
    </Filter>
  </ItemGroup>
  <ItemGroup>
    <ClCompile Include="main.cpp" />
    <ClCompile Include="2562\2562.cpp">
      <Filter>2562</Filter>
    </ClCompile>
    <ClCompile Include="10818\p10818.cpp">
      <Filter>10818</Filter>
    </ClCompile>
    <ClCompile Include="2577\p2577.cpp">
      <Filter>2577</Filter>
    </ClCompile>
    <ClCompile Include="3052\p3052.cpp">
      <Filter>3052</Filter>
    </ClCompile>
    <ClCompile Include="1546\p1546.cpp">
      <Filter>1546</Filter>
    </ClCompile>
    <ClCompile Include="8958\p8958.cpp">
      <Filter>8958</Filter>
    </ClCompile>
    <ClCompile Include="4344\p4344.cpp">
      <Filter>4344</Filter>
    </ClCompile>
  </ItemGroup>
  <ItemGroup>
    <ClInclude Include="2562\2562.h">
      <Filter>2562</Filter>
    </ClInclude>
    <ClInclude Include="10818\p10818.h">
      <Filter>10818</Filter>
    </ClInclude>
    <ClInclude Include="2577\p2577.h">
      <Filter>2577</Filter>
    </ClInclude>
    <ClInclude Include="3052\p3052.h">
      <Filter>3052</Filter>
    </ClInclude>
    <ClInclude Include="1546\p1546.h">
      <Filter>1546</Filter>
    </ClInclude>
    <ClInclude Include="8958\p8958.h">
      <Filter>8958</Filter>
    </ClInclude>
    <ClInclude Include="4344\p4344.h">
      <Filter>4344</Filter>
    </ClInclude>
  </ItemGroup>
</Project>